
Microsoft Visual Studio Solution File, Format Version 12.00
# Visual Studio Version 17
VisualStudioVersion = 17.4.33110.190
MinimumVisualStudioVersion = 10.0.40219.1
Project("{FAE04EC0-301F-11D3-BF4B-00C04F79EFBC}") = "Using compareTo method to compare the Lengths", "Using compareTo method to compare the Lengths.csproj", "{03A40608-FDBF-4919-A252-0C170222F2FD}"
EndProject
Global
	GlobalSection(SolutionConfigurationPlatforms) = preSolution
		Debug|Any CPU = Debug|Any CPU
		Release|Any CPU = Release|Any CPU
	EndGlobalSection
	GlobalSection(ProjectConfigurationPlatforms) = postSolution
		{03A40608-FDBF-4919-A252-0C170222F2FD}.Debug|Any CPU.ActiveCfg = Debug|Any CPU
		{03A40608-FDBF-4919-A252-0C170222F2FD}.Debug|Any CPU.Build.0 = Debug|Any CPU
		{03A40608-FDBF-4919-A252-0C170222F2FD}.Release|Any CPU.ActiveCfg = Release|Any CPU
		{03A40608-FDBF-4919-A252-0C170222F2FD}.Release|Any CPU.Build.0 = Release|Any CPU
	EndGlobalSection
	GlobalSection(SolutionProperties) = preSolution
		HideSolutionNode = FALSE
	EndGlobalSection
	GlobalSection(ExtensibilityGlobals) = postSolution
		SolutionGuid = {D44716C4-8B9E-4D83-AB48-6513356CCF02}
	EndGlobalSection
EndGlobal
